
Microsoft Visual Studio Solution File, Format Version 12.00
Project("{2150E333-8FDC-42A3-9474-1A3956D46DE8}") = "Solution Items", "Solution Items", "{C2429EB1-BB1C-4BB1-AD44-C0474CAB2C34}"
	ProjectSection(SolutionItems) = preProject
		docker-compose.yml = docker-compose.yml
		init.sql = init.sql
		UpdateInsertSql.sh = UpdateInsertSql.sh
		insert-dev.sql = insert-dev.sql
		shared.env = shared.env
	EndProjectSection
EndProject
Project("{FAE04EC0-301F-11D3-BF4B-00C04F79EFBC}") = "UnitTests", "UnitTests\UnitTests.csproj", "{6D5951CE-F072-45A1-B1CA-0B329CB8807E}"
EndProject
Project("{FAE04EC0-301F-11D3-BF4B-00C04F79EFBC}") = "FishyLibrary", "FishyLibrary\FishyLibrary.csproj", "{BBC56861-D2DE-4BD6-A049-C52CAA2FD827}"
EndProject
Project("{FAE04EC0-301F-11D3-BF4B-00C04F79EFBC}") = "FishyBacktesty", "FishyBacktesty\FishyBacktesty.csproj", "{43F23AD8-64AB-4D5C-8539-CA784BE44D75}"
EndProject
Project("{FAE04EC0-301F-11D3-BF4B-00C04F79EFBC}") = "Sandbox", "Sandbox\Sandbox.csproj", "{06D8B9BA-C30C-4CAA-9A64-235EC3F19794}"
EndProject
Project("{FAE04EC0-301F-11D3-BF4B-00C04F79EFBC}") = "WebApi.Brokers.CharlesSchwab", "WebApi.Brokers.CharlesSchwab\WebApi.Brokers.CharlesSchwab.csproj", "{30E13AA3-C8F0-4A88-B126-3FC6A8250601}"
EndProject
Project("{FAE04EC0-301F-11D3-BF4B-00C04F79EFBC}") = "WebApi.MakeTrade", "WebApi.MakeTrade\WebApi.MakeTrade.csproj", "{756BB177-7555-47F8-96D9-D44064405456}"
EndProject
Project("{FAE04EC0-301F-11D3-BF4B-00C04F79EFBC}") = "WebApi.GetData", "WebApi.GetData\WebApi.GetData.csproj", "{F645D34F-FA1C-48EF-8FDE-E7D642B450C2}"
EndProject
Project("{FAE04EC0-301F-11D3-BF4B-00C04F79EFBC}") = "WebApi.DB.Access", "WebApi.DB.Access\WebApi.DB.Access.csproj", "{1711B995-9211-437D-B4B9-CE59BE2EE451}"
EndProject
Project("{FAE04EC0-301F-11D3-BF4B-00C04F79EFBC}") = "WebApi.StrategyService", "WebApi.StrategyService\WebApi.StrategyService.csproj", "{CF667CB1-2F22-4FC1-B059-1328118A8532}"
EndProject
Project("{FAE04EC0-301F-11D3-BF4B-00C04F79EFBC}") = "WebApi.Scheduler", "WebApi.Scheduler\WebApi.Scheduler.csproj", "{D503CA31-9F1A-4923-AF41-358BC8A8C40F}"
EndProject
Project("{FAE04EC0-301F-11D3-BF4B-00C04F79EFBC}") = "Svc.StrategyRunner", "Svc.StrategyRunner\Svc.StrategyRunner.csproj", "{CED08B8F-06EB-4E2F-A452-F64E3C2C9BFD}"
EndProject
Project("{FAE04EC0-301F-11D3-BF4B-00C04F79EFBC}") = "WebApi.UpdateTrades", "WebApi.UpdateTrades\WebApi.UpdateTrades.csproj", "{EA906BA7-A762-406E-9B3C-6B71DE6EF41D}"
EndProject
Project("{FAE04EC0-301F-11D3-BF4B-00C04F79EFBC}") = "CommonServices", "CommonServices\CommonServices.csproj", "{FDC47CA5-38EE-4127-A2BF-65EF9F21D8EB}"
EndProject
Global
	GlobalSection(SolutionConfigurationPlatforms) = preSolution
		Debug|Any CPU = Debug|Any CPU
		Release|Any CPU = Release|Any CPU
	EndGlobalSection
	GlobalSection(ProjectConfigurationPlatforms) = postSolution
		{6D5951CE-F072-45A1-B1CA-0B329CB8807E}.Debug|Any CPU.ActiveCfg = Debug|Any CPU
		{6D5951CE-F072-45A1-B1CA-0B329CB8807E}.Debug|Any CPU.Build.0 = Debug|Any CPU
		{6D5951CE-F072-45A1-B1CA-0B329CB8807E}.Release|Any CPU.ActiveCfg = Release|Any CPU
		{6D5951CE-F072-45A1-B1CA-0B329CB8807E}.Release|Any CPU.Build.0 = Release|Any CPU
		{BBC56861-D2DE-4BD6-A049-C52CAA2FD827}.Debug|Any CPU.ActiveCfg = Debug|Any CPU
		{BBC56861-D2DE-4BD6-A049-C52CAA2FD827}.Debug|Any CPU.Build.0 = Debug|Any CPU
		{BBC56861-D2DE-4BD6-A049-C52CAA2FD827}.Release|Any CPU.ActiveCfg = Release|Any CPU
		{BBC56861-D2DE-4BD6-A049-C52CAA2FD827}.Release|Any CPU.Build.0 = Release|Any CPU
		{43F23AD8-64AB-4D5C-8539-CA784BE44D75}.Debug|Any CPU.ActiveCfg = Debug|Any CPU
		{43F23AD8-64AB-4D5C-8539-CA784BE44D75}.Debug|Any CPU.Build.0 = Debug|Any CPU
		{43F23AD8-64AB-4D5C-8539-CA784BE44D75}.Release|Any CPU.ActiveCfg = Release|Any CPU
		{43F23AD8-64AB-4D5C-8539-CA784BE44D75}.Release|Any CPU.Build.0 = Release|Any CPU
		{06D8B9BA-C30C-4CAA-9A64-235EC3F19794}.Debug|Any CPU.ActiveCfg = Debug|Any CPU
		{06D8B9BA-C30C-4CAA-9A64-235EC3F19794}.Debug|Any CPU.Build.0 = Debug|Any CPU
		{06D8B9BA-C30C-4CAA-9A64-235EC3F19794}.Release|Any CPU.ActiveCfg = Release|Any CPU
		{06D8B9BA-C30C-4CAA-9A64-235EC3F19794}.Release|Any CPU.Build.0 = Release|Any CPU
		{30E13AA3-C8F0-4A88-B126-3FC6A8250601}.Debug|Any CPU.ActiveCfg = Debug|Any CPU
		{30E13AA3-C8F0-4A88-B126-3FC6A8250601}.Debug|Any CPU.Build.0 = Debug|Any CPU
		{30E13AA3-C8F0-4A88-B126-3FC6A8250601}.Release|Any CPU.ActiveCfg = Release|Any CPU
		{30E13AA3-C8F0-4A88-B126-3FC6A8250601}.Release|Any CPU.Build.0 = Release|Any CPU
		{756BB177-7555-47F8-96D9-D44064405456}.Debug|Any CPU.ActiveCfg = Debug|Any CPU
		{756BB177-7555-47F8-96D9-D44064405456}.Debug|Any CPU.Build.0 = Debug|Any CPU
		{756BB177-7555-47F8-96D9-D44064405456}.Release|Any CPU.ActiveCfg = Release|Any CPU
		{756BB177-7555-47F8-96D9-D44064405456}.Release|Any CPU.Build.0 = Release|Any CPU
		{F645D34F-FA1C-48EF-8FDE-E7D642B450C2}.Debug|Any CPU.ActiveCfg = Debug|Any CPU
		{F645D34F-FA1C-48EF-8FDE-E7D642B450C2}.Debug|Any CPU.Build.0 = Debug|Any CPU
		{F645D34F-FA1C-48EF-8FDE-E7D642B450C2}.Release|Any CPU.ActiveCfg = Release|Any CPU
		{F645D34F-FA1C-48EF-8FDE-E7D642B450C2}.Release|Any CPU.Build.0 = Release|Any CPU
		{1711B995-9211-437D-B4B9-CE59BE2EE451}.Debug|Any CPU.ActiveCfg = Debug|Any CPU
		{1711B995-9211-437D-B4B9-CE59BE2EE451}.Debug|Any CPU.Build.0 = Debug|Any CPU
		{1711B995-9211-437D-B4B9-CE59BE2EE451}.Release|Any CPU.ActiveCfg = Release|Any CPU
		{1711B995-9211-437D-B4B9-CE59BE2EE451}.Release|Any CPU.Build.0 = Release|Any CPU
		{CF667CB1-2F22-4FC1-B059-1328118A8532}.Debug|Any CPU.ActiveCfg = Debug|Any CPU
		{CF667CB1-2F22-4FC1-B059-1328118A8532}.Debug|Any CPU.Build.0 = Debug|Any CPU
		{CF667CB1-2F22-4FC1-B059-1328118A8532}.Release|Any CPU.ActiveCfg = Release|Any CPU
		{CF667CB1-2F22-4FC1-B059-1328118A8532}.Release|Any CPU.Build.0 = Release|Any CPU
		{D503CA31-9F1A-4923-AF41-358BC8A8C40F}.Debug|Any CPU.ActiveCfg = Debug|Any CPU
		{D503CA31-9F1A-4923-AF41-358BC8A8C40F}.Debug|Any CPU.Build.0 = Debug|Any CPU
		{D503CA31-9F1A-4923-AF41-358BC8A8C40F}.Release|Any CPU.ActiveCfg = Release|Any CPU
		{D503CA31-9F1A-4923-AF41-358BC8A8C40F}.Release|Any CPU.Build.0 = Release|Any CPU
		{CED08B8F-06EB-4E2F-A452-F64E3C2C9BFD}.Debug|Any CPU.ActiveCfg = Debug|Any CPU
		{CED08B8F-06EB-4E2F-A452-F64E3C2C9BFD}.Debug|Any CPU.Build.0 = Debug|Any CPU
		{CED08B8F-06EB-4E2F-A452-F64E3C2C9BFD}.Release|Any CPU.ActiveCfg = Release|Any CPU
		{CED08B8F-06EB-4E2F-A452-F64E3C2C9BFD}.Release|Any CPU.Build.0 = Release|Any CPU
		{EA906BA7-A762-406E-9B3C-6B71DE6EF41D}.Debug|Any CPU.ActiveCfg = Debug|Any CPU
		{EA906BA7-A762-406E-9B3C-6B71DE6EF41D}.Debug|Any CPU.Build.0 = Debug|Any CPU
		{EA906BA7-A762-406E-9B3C-6B71DE6EF41D}.Release|Any CPU.ActiveCfg = Release|Any CPU
		{EA906BA7-A762-406E-9B3C-6B71DE6EF41D}.Release|Any CPU.Build.0 = Release|Any CPU
		{FDC47CA5-38EE-4127-A2BF-65EF9F21D8EB}.Debug|Any CPU.ActiveCfg = Debug|Any CPU
		{FDC47CA5-38EE-4127-A2BF-65EF9F21D8EB}.Debug|Any CPU.Build.0 = Debug|Any CPU
		{FDC47CA5-38EE-4127-A2BF-65EF9F21D8EB}.Release|Any CPU.ActiveCfg = Release|Any CPU
		{FDC47CA5-38EE-4127-A2BF-65EF9F21D8EB}.Release|Any CPU.Build.0 = Release|Any CPU
	EndGlobalSection
	GlobalSection(NestedProjects) = preSolution
	EndGlobalSection
EndGlobal
